
Microsoft Visual Studio Solution File, Format Version 12.00
# Visual Studio 15
VisualStudioVersion = 15.0.28307.329
MinimumVisualStudioVersion = 10.0.40219.1
Project("{FAE04EC0-301F-11D3-BF4B-00C04F79EFBC}") = "Task3", "Task3\Task3.csproj", "{3C4DCFB8-9EE9-44C6-A9B8-146B922767BF}"
EndProject
Global
	GlobalSection(SolutionConfigurationPlatforms) = preSolution
		Debug|Any CPU = Debug|Any CPU
		Release|Any CPU = Release|Any CPU
	EndGlobalSection
	GlobalSection(ProjectConfigurationPlatforms) = postSolution
		{3C4DCFB8-9EE9-44C6-A9B8-146B922767BF}.Debug|Any CPU.ActiveCfg = Debug|Any CPU
		{3C4DCFB8-9EE9-44C6-A9B8-146B922767BF}.Debug|Any CPU.Build.0 = Debug|Any CPU
		{3C4DCFB8-9EE9-44C6-A9B8-146B922767BF}.Release|Any CPU.ActiveCfg = Release|Any CPU
		{3C4DCFB8-9EE9-44C6-A9B8-146B922767BF}.Release|Any CPU.Build.0 = Release|Any CPU
	EndGlobalSection
	GlobalSection(SolutionProperties) = preSolution
		HideSolutionNode = FALSE
	EndGlobalSection
	GlobalSection(ExtensibilityGlobals) = postSolution
		SolutionGuid = {06204860-83AE-4DC4-8515-9C78F2088F98}
	EndGlobalSection
EndGlobal
